{
  "projects": [
    {
      "projectId": "seaQhLVS4bbjiGvJJrRwyL",
      "version": "15.0.3",
      "dependencies": {},
      "lang": "ts",
      "fileLocks": [
        {
          "assetId": "seaQhLVS4bbjiGvJJrRwyL",
          "type": "projectCss",
          "checksum": "174eea901e0665102c7080f882556fac"
        }
      ],
      "codegenVersion": "0.0.1"
    },
    {
      "projectId": "rg8G6f4QFG3W3z3RUnscYT",
      "version": "latest",
      "dependencies": {
        "seaQhLVS4bbjiGvJJrRwyL": "15.0.3"
      },
      "lang": "ts",
      "fileLocks": [
        {
          "type": "globalVariant",
          "assetId": "z8cdmF0UmUv8",
          "checksum": "1b914db3e5c8ffd071530ad524969160"
        },
        {
          "assetId": "rg8G6f4QFG3W3z3RUnscYT",
          "type": "projectCss",
          "checksum": "dba2a4eedf5f699cba7ed6e1a7aa52d0"
        },
        {
          "type": "renderModule",
          "assetId": "2OKT6JwPzLLL",
          "checksum": "b5f6885f40b40e866d4b88d4a7c38ec6"
        },
        {
          "type": "cssRules",
          "assetId": "2OKT6JwPzLLL",
          "checksum": "b5f6885f40b40e866d4b88d4a7c38ec6"
        },
        {
          "type": "renderModule",
          "assetId": "_UDy3LRxmkQV",
          "checksum": "d5f5148d16322b8cc4ab0b8ac718d09e"
        },
        {
          "type": "cssRules",
          "assetId": "_UDy3LRxmkQV",
          "checksum": "d5f5148d16322b8cc4ab0b8ac718d09e"
        },
        {
          "type": "renderModule",
          "assetId": "DoVnC_r_MQmz",
          "checksum": "db498839ec04348d9184ed241ad60973"
        },
        {
          "type": "cssRules",
          "assetId": "DoVnC_r_MQmz",
          "checksum": "db498839ec04348d9184ed241ad60973"
        },
        {
          "type": "renderModule",
          "assetId": "o1paKEyJSpbn",
          "checksum": "24e0b52092bc3c8ac210655982584064"
        },
        {
          "type": "cssRules",
          "assetId": "o1paKEyJSpbn",
          "checksum": "24e0b52092bc3c8ac210655982584064"
        },
        {
          "type": "renderModule",
          "assetId": "Cn64QEt_4c6p",
          "checksum": "72f36dddb94c3db1137c3e86513d1106"
        },
        {
          "type": "cssRules",
          "assetId": "Cn64QEt_4c6p",
          "checksum": "72f36dddb94c3db1137c3e86513d1106"
        },
        {
          "type": "renderModule",
          "assetId": "q9SS4LP6WSCA",
          "checksum": "b04d6d81f10963a32deffcd5de107a22"
        },
        {
          "type": "cssRules",
          "assetId": "q9SS4LP6WSCA",
          "checksum": "b04d6d81f10963a32deffcd5de107a22"
        },
        {
          "type": "renderModule",
          "assetId": "o0TTiI6CFlrz",
          "checksum": "13c5a30965b60876f3694dfac9e5ded7"
        },
        {
          "type": "cssRules",
          "assetId": "o0TTiI6CFlrz",
          "checksum": "13c5a30965b60876f3694dfac9e5ded7"
        },
        {
          "type": "renderModule",
          "assetId": "mayIk_3OkhFT",
          "checksum": "0eec614064140c1ee6ef28e4ddecf7ef"
        },
        {
          "type": "cssRules",
          "assetId": "mayIk_3OkhFT",
          "checksum": "0eec614064140c1ee6ef28e4ddecf7ef"
        },
        {
          "type": "renderModule",
          "assetId": "VW9Ov9wvUMlr",
          "checksum": "4cc5dc7d01f0cd019a9f6b78d3674fd4"
        },
        {
          "type": "cssRules",
          "assetId": "VW9Ov9wvUMlr",
          "checksum": "4cc5dc7d01f0cd019a9f6b78d3674fd4"
        },
        {
          "type": "renderModule",
          "assetId": "UE6yz7QVHJT1",
          "checksum": "0df31a1c28ab9b04ca49ee9f807f2fd4"
        },
        {
          "type": "cssRules",
          "assetId": "UE6yz7QVHJT1",
          "checksum": "0df31a1c28ab9b04ca49ee9f807f2fd4"
        },
        {
          "type": "renderModule",
          "assetId": "s9gQxdudYD8z",
          "checksum": "35fb581c912bbe17b5a150a5df13a69d"
        },
        {
          "type": "cssRules",
          "assetId": "s9gQxdudYD8z",
          "checksum": "35fb581c912bbe17b5a150a5df13a69d"
        },
        {
          "type": "renderModule",
          "assetId": "X4nDX39QmhbX",
          "checksum": "39af29a0906eb94421af52a8ac41da09"
        },
        {
          "type": "cssRules",
          "assetId": "X4nDX39QmhbX",
          "checksum": "39af29a0906eb94421af52a8ac41da09"
        },
        {
          "type": "renderModule",
          "assetId": "eDVW61raB8JM",
          "checksum": "d932ce12db284092f218892e159f4362"
        },
        {
          "type": "cssRules",
          "assetId": "eDVW61raB8JM",
          "checksum": "d932ce12db284092f218892e159f4362"
        },
        {
          "type": "renderModule",
          "assetId": "p4lez9PR1-sq",
          "checksum": "5e54d270fe981972e1125c2c5d57f7ad"
        },
        {
          "type": "cssRules",
          "assetId": "p4lez9PR1-sq",
          "checksum": "5e54d270fe981972e1125c2c5d57f7ad"
        },
        {
          "type": "renderModule",
          "assetId": "WUH7VfVxhz1m",
          "checksum": "ad17b38aa8e3b2ed5b61e9e7423b64df"
        },
        {
          "type": "cssRules",
          "assetId": "WUH7VfVxhz1m",
          "checksum": "ad17b38aa8e3b2ed5b61e9e7423b64df"
        },
        {
          "type": "renderModule",
          "assetId": "mIrHayJGOVmW",
          "checksum": "714fe9cfae7e8dc56d1edf7c7a3ac384"
        },
        {
          "type": "cssRules",
          "assetId": "mIrHayJGOVmW",
          "checksum": "714fe9cfae7e8dc56d1edf7c7a3ac384"
        },
        {
          "type": "renderModule",
          "assetId": "HLxU_QDSqrB7",
          "checksum": "188ee335d5910c57cb0377c03cbcdca8"
        },
        {
          "type": "cssRules",
          "assetId": "HLxU_QDSqrB7",
          "checksum": "188ee335d5910c57cb0377c03cbcdca8"
        },
        {
          "type": "renderModule",
          "assetId": "KVsYSp7enKIc",
          "checksum": "016828a163f10386d1169f973257fb51"
        },
        {
          "type": "cssRules",
          "assetId": "KVsYSp7enKIc",
          "checksum": "016828a163f10386d1169f973257fb51"
        },
        {
          "type": "renderModule",
          "assetId": "_wu1D2xB1bTx",
          "checksum": "65f259117b3efacb4a96ec511312e7ed"
        },
        {
          "type": "cssRules",
          "assetId": "_wu1D2xB1bTx",
          "checksum": "65f259117b3efacb4a96ec511312e7ed"
        },
        {
          "type": "renderModule",
          "assetId": "2e2CBkmAhbqe",
          "checksum": "d198cb7d75ec805940b7af926e67868a"
        },
        {
          "type": "cssRules",
          "assetId": "2e2CBkmAhbqe",
          "checksum": "d198cb7d75ec805940b7af926e67868a"
        },
        {
          "type": "icon",
          "assetId": "6ZKsxX0aQhcd",
          "checksum": "ef8c670580b4452ba33b6d63352bd24f"
        },
        {
          "type": "icon",
          "assetId": "74tcuC2eLJ9J",
          "checksum": "c1c3c51f75b09e72ac4455890d67f951"
        },
        {
          "type": "icon",
          "assetId": "Aa9Hk-tU2nDV",
          "checksum": "76ff4602da057302dd4f3d5de2628dd2"
        },
        {
          "type": "icon",
          "assetId": "FZITPainjsOo",
          "checksum": "9064b83e3590e98e55b1375e04673017"
        },
        {
          "type": "icon",
          "assetId": "tK5S785TRCb1",
          "checksum": "d0550795e81e82a9fdff183c1a6ff7e2"
        },
        {
          "type": "icon",
          "assetId": "ZaQstzY_j2dH",
          "checksum": "89399a6a2075900587b2ef3ab7845812"
        },
        {
          "type": "icon",
          "assetId": "78GeXpyvEB9G",
          "checksum": "ee8b71e6a46f08caccb5ba2375fc9b4a"
        },
        {
          "type": "icon",
          "assetId": "-h3FebfBOaUh",
          "checksum": "2ca053217dfe6a4925dca701f2f4bf34"
        },
        {
          "type": "icon",
          "assetId": "fjN0GD62dDZl",
          "checksum": "a1cb8ff5cbe1762234bd888a757f9379"
        },
        {
          "type": "icon",
          "assetId": "8cyiFuF8sWEg",
          "checksum": "b8861104edb3f4fb7d3beeef39a21f7b"
        },
        {
          "type": "icon",
          "assetId": "PxhL3-Uos7Xz",
          "checksum": "84f87d7c1c77a6b845374087d37958b9"
        },
        {
          "type": "icon",
          "assetId": "oimMzfwVQqJ2",
          "checksum": "8c1daff0b896edb1d0cc362fd7214828"
        },
        {
          "type": "icon",
          "assetId": "ArM3XCgQGly6",
          "checksum": "74597e80141193ccd4782aeef553ddee"
        },
        {
          "type": "icon",
          "assetId": "QgANpb8A3JLd",
          "checksum": "8df66a4b819a54b702761f6a6c749136"
        },
        {
          "type": "icon",
          "assetId": "IZGab-GZTjGJ",
          "checksum": "2066708a82bd1eb9f3a4c43070249fd2"
        },
        {
          "type": "icon",
          "assetId": "_Prph_czUutx",
          "checksum": "ec62a6577047efe6601066f912ca65dc"
        },
        {
          "type": "icon",
          "assetId": "K9JVqS6VwzDC",
          "checksum": "e0422e438fbe73e827314585eb406e9a"
        },
        {
          "type": "icon",
          "assetId": "sTMDmehFLgYr",
          "checksum": "ccc82e27899e6a25a45e1eb27e395924"
        },
        {
          "type": "icon",
          "assetId": "X-flMK2U-MaR",
          "checksum": "ace2fe0481fdacaf6ea0595dff52605b"
        },
        {
          "type": "icon",
          "assetId": "LdOJP8tcnKTD",
          "checksum": "a4cd1108515c0ce1d7721e2e3498fa8d"
        },
        {
          "type": "icon",
          "assetId": "aFnkt02yb9N_",
          "checksum": "4035b442a64e2bfb82d007c709fd312b"
        },
        {
          "type": "icon",
          "assetId": "tpe-nKeMs_o_",
          "checksum": "32663625a1608bc57749435edc4d3a5f"
        },
        {
          "type": "icon",
          "assetId": "RYpXbARn5RL8",
          "checksum": "d201ce2f61e9daabae45de926711ae5a"
        },
        {
          "type": "icon",
          "assetId": "2NXe9iXUMFA_",
          "checksum": "b7cbfc4231ef8e69f909759932ba1a14"
        },
        {
          "type": "icon",
          "assetId": "15noePGCX54h",
          "checksum": "43ddea01f6595b3c202544431ba7272d"
        },
        {
          "type": "icon",
          "assetId": "8UtB7iavfAHO",
          "checksum": "e2a6e3e467d4356720ca6277bd8c9fae"
        },
        {
          "type": "icon",
          "assetId": "7TXUFsfh-h8p",
          "checksum": "8abfe2dc3f9b7c9f2dc7f4a824173d95"
        },
        {
          "type": "icon",
          "assetId": "yN_sGmctU6nB",
          "checksum": "a87423cee38c09f859d54c3b33ce5e5d"
        },
        {
          "type": "icon",
          "assetId": "bLflK1L8jlNE",
          "checksum": "53440be049f34935aacdf19cdd218497"
        },
        {
          "type": "icon",
          "assetId": "B-h2CqI455Bf",
          "checksum": "dd796e22ae7fac22cbdc7e8a08d0b53e"
        },
        {
          "type": "icon",
          "assetId": "t4SVaQlPJLRJ",
          "checksum": "886e9f2d5634f4c7ecb3e1da272fdecc"
        },
        {
          "type": "image",
          "assetId": "cNhsx2tl45eY",
          "checksum": "3df153d8bbfe7a26b6dfb2112c8e57a3"
        },
        {
          "type": "image",
          "assetId": "51vmscrzvWt_",
          "checksum": "2cc248d63594c63e8604e1be8e46ae62"
        },
        {
          "type": "image",
          "assetId": "EVl_0bqOOJVb",
          "checksum": "9682a790e16615ec70b37db792d80de3"
        },
        {
          "type": "image",
          "assetId": "HM-syGkpU79u",
          "checksum": "171a0bb321a9f209c36e4cc4c5e39f59"
        },
        {
          "type": "image",
          "assetId": "xcEBbOqV86Pf",
          "checksum": "cee8be0eefc5ab6f959eb1f21989fe10"
        },
        {
          "type": "image",
          "assetId": "hRa8G-jSscCq",
          "checksum": "e09f0ad8d9a28986385d150fe5ddd4ee"
        },
        {
          "type": "image",
          "assetId": "oMBERRmAiXhX",
          "checksum": "ec58bda68d334b2d47f408efdf673713"
        },
        {
          "type": "image",
          "assetId": "F0cefDY1J-uj",
          "checksum": "155c625e1e948e05617af2eee544e60d"
        },
        {
          "type": "image",
          "assetId": "AB3ulNnEN8iT",
          "checksum": "d49a6f116126f293839b8a5a660a4487"
        },
        {
          "type": "image",
          "assetId": "KJS7NKLs_6Wc",
          "checksum": "81b1e079d8d270fdd575da0b0bcb4aae"
        },
        {
          "type": "image",
          "assetId": "J1NIoOxgdWio",
          "checksum": "04b61ed82e6d9b756c32ffc92d08c5d7"
        },
        {
          "type": "image",
          "assetId": "KQf9jaP1Lde2",
          "checksum": "ad5704e3c6657bd4d25451971a06a283"
        },
        {
          "type": "image",
          "assetId": "7hR2PEh814rq",
          "checksum": "b5e1d603e9509d4b7605e9ed91bcaccd"
        },
        {
          "type": "image",
          "assetId": "z21o6IAORMnZ",
          "checksum": "18f3d7d4281d82e433759cbfed1b9207"
        },
        {
          "type": "image",
          "assetId": "yRt8BPgf1hth",
          "checksum": "a6bfea0c35a18435a2d9adc7f61ed2c3"
        },
        {
          "type": "image",
          "assetId": "oE3qhWuVsNPL",
          "checksum": "4134f587ce93b8b7aefe42a9122e5456"
        },
        {
          "type": "image",
          "assetId": "HtYvk6dP05vy",
          "checksum": "a8efa3ce4e1c9772a85e216c69b77b48"
        },
        {
          "type": "image",
          "assetId": "8dAUXd-bwdPj",
          "checksum": "a54ef3aae29da20ca80e13efa4b3938a"
        },
        {
          "type": "image",
          "assetId": "Ieck4ju3rePU",
          "checksum": "59bfde43b6664ebe591f86c036789086"
        },
        {
          "type": "image",
          "assetId": "u3JmgM0nGIRI",
          "checksum": "29f5510ac57ed6f3404ab57965ec843a"
        },
        {
          "type": "image",
          "assetId": "R8kOjGNQWTXF",
          "checksum": "2f19b85bb9f97835554f67cf44f9db26"
        },
        {
          "type": "image",
          "assetId": "hGY8Pu04Y1Hq",
          "checksum": "fa7f414e5a85c76773d8d4ecda2c747d"
        },
        {
          "type": "image",
          "assetId": "C0sCns9hY-Yp",
          "checksum": "0a2a3e2613fdd68b3660bbf2bdb8f9fd"
        },
        {
          "type": "image",
          "assetId": "cUWM2Bjp84dK",
          "checksum": "2bd24f3bd130a16f06af3131369becb1"
        },
        {
          "type": "image",
          "assetId": "3UKysFlzSqcH",
          "checksum": "2ffc556894f3a22b835959224a1a1852"
        },
        {
          "type": "image",
          "assetId": "qZEwzLZJCO_O",
          "checksum": "e2b80d6f4d28dc553090404e6619807f"
        },
        {
          "type": "image",
          "assetId": "wdAp71ktbgBj",
          "checksum": "ce23700ffdb45ba73473edeab0e6de6a"
        },
        {
          "type": "image",
          "assetId": "55jEsgLP5YRv",
          "checksum": "4d5b57c8105ecb03876718be4d6d9c0a"
        },
        {
          "type": "image",
          "assetId": "E3u-B8GzJKat",
          "checksum": "30a63e8d265185c03b50e744ee77a60b"
        },
        {
          "type": "image",
          "assetId": "bvrTplo1FlH7",
          "checksum": "15779fa19640ec5e55372e04b0bb7457"
        },
        {
          "type": "image",
          "assetId": "0CItEIhISpWj",
          "checksum": "1296261356f37efd2d0f08db711e3194"
        },
        {
          "type": "image",
          "assetId": "jJQBy22GMZu8",
          "checksum": "4279ce923c8215160122043c75d50d92"
        },
        {
          "type": "image",
          "assetId": "1JnKgPMrdcCv",
          "checksum": "8741fa62ee458e471dcec59f1b622596"
        },
        {
          "type": "image",
          "assetId": "NSAGLLah2iP6",
          "checksum": "9869f9e6072f0800ceba71e523da3acd"
        },
        {
          "type": "image",
          "assetId": "jeR-VGsOKLwU",
          "checksum": "caeb189964463a6e5d87d870765d8ad1"
        },
        {
          "type": "image",
          "assetId": "ZfEQgDyoI7LR",
          "checksum": "f2862985d1d4766371113755ca34e383"
        },
        {
          "type": "image",
          "assetId": "NXDTDX1IujzS",
          "checksum": "00f70d05aa3418cf8cf9fcc678e18607"
        },
        {
          "type": "image",
          "assetId": "ecoQOMEqpf1a",
          "checksum": "6d121a1e467efb2fa9507516c291871a"
        },
        {
          "type": "image",
          "assetId": "fVpAP9Ouuj05",
          "checksum": "741fb05a8b788c445bab72a7c10821b3"
        },
        {
          "type": "image",
          "assetId": "ZizWbixe-hj6",
          "checksum": "1fce2c6426f2ac4c243da25aeb1a1e84"
        },
        {
          "type": "image",
          "assetId": "2CA2i83RQ-On",
          "checksum": "715b1f97fed1a994b838cc4f37558c8e"
        },
        {
          "type": "image",
          "assetId": "PDnEEBXZ7A_Y",
          "checksum": "6817d8f1fce0755aa35ba9b964e6ea6d"
        },
        {
          "type": "image",
          "assetId": "ZxFois6fSiVK",
          "checksum": "b356b4802b0af4e25fa86afe94dffe51"
        },
        {
          "type": "image",
          "assetId": "9udAix7vhDRQ",
          "checksum": "93841f550650eab025963089253149f8"
        },
        {
          "type": "image",
          "assetId": "5tEBhiia9XCs",
          "checksum": "8772d836d6545f9342f1738e140c4720"
        },
        {
          "type": "image",
          "assetId": "JVKgeyKnfDvG",
          "checksum": "ad290ab00b81b0162002f0bc0fa9e191"
        },
        {
          "type": "image",
          "assetId": "WnjUzORyh6i-",
          "checksum": "52b75219d1c18cb01fb806f1dc099133"
        },
        {
          "type": "image",
          "assetId": "_UvdIJ3YF_4w",
          "checksum": "eab1dbc71a938d17cd45c8dcd55ad5e6"
        },
        {
          "type": "image",
          "assetId": "3em-PFC1KpWH",
          "checksum": "5b804bbf1b904eb86ab07c36aba4ef0d"
        },
        {
          "type": "image",
          "assetId": "FYI9_LPEa8LI",
          "checksum": "99bae92a39149c06ce4c7b063d899a2b"
        },
        {
          "type": "image",
          "assetId": "K7GV3KT2Eu-l",
          "checksum": "32282c398aeec23460247197091555b1"
        },
        {
          "type": "image",
          "assetId": "7Xv24iiVuzVm",
          "checksum": "bc9f74e42bd3da3bc9c6466e9ce5d5fb"
        },
        {
          "type": "image",
          "assetId": "UYw0tX3rj_x5",
          "checksum": "e2a33a6cbf12d620c36ea43aaf2b9042"
        },
        {
          "type": "image",
          "assetId": "hCdAXGJOA8JU",
          "checksum": "a87a95b65dc97e6a6d86454e6a097c3c"
        },
        {
          "type": "image",
          "assetId": "oUPDrOBwO5xk",
          "checksum": "5668991c4581fc83f4b8fc010e4b0e26"
        },
        {
          "type": "image",
          "assetId": "HCQQhk3PKBNb",
          "checksum": "8f3e0963ea6f6f2149cc43885d4f0dc0"
        }
      ],
      "codegenVersion": "0.0.1"
    }
  ],
  "cliVersion": "0.1.337"
}
